
Microsoft Visual Studio Solution File, Format Version 12.00
# Visual Studio Version 17
VisualStudioVersion = 17.10.34916.146
MinimumVisualStudioVersion = 10.0.40219.1
Project("{FAE04EC0-301F-11D3-BF4B-00C04F79EFBC}") = "3-8", "3-8\3-8.csproj", "{4AB23B4A-ABFE-4A8C-B469-EA87AEC5CCB0}"
EndProject
Global
	GlobalSection(SolutionConfigurationPlatforms) = preSolution
		Debug|Any CPU = Debug|Any CPU
		Release|Any CPU = Release|Any CPU
	EndGlobalSection
	GlobalSection(ProjectConfigurationPlatforms) = postSolution
		{4AB23B4A-ABFE-4A8C-B469-EA87AEC5CCB0}.Debug|Any CPU.ActiveCfg = Debug|Any CPU
		{4AB23B4A-ABFE-4A8C-B469-EA87AEC5CCB0}.Debug|Any CPU.Build.0 = Debug|Any CPU
		{4AB23B4A-ABFE-4A8C-B469-EA87AEC5CCB0}.Release|Any CPU.ActiveCfg = Release|Any CPU
		{4AB23B4A-ABFE-4A8C-B469-EA87AEC5CCB0}.Release|Any CPU.Build.0 = Release|Any CPU
	EndGlobalSection
	GlobalSection(SolutionProperties) = preSolution
		HideSolutionNode = FALSE
	EndGlobalSection
	GlobalSection(ExtensibilityGlobals) = postSolution
		SolutionGuid = {0F6D947B-8833-4B16-ACE4-E8991D5F41A2}
	EndGlobalSection
EndGlobal
